// !$*UTF8*$!
{
	archiveVersion = 1;
	classes = {
	};
	objectVersion = 48;
	objects = {

/* Begin PBXBuildFile section */
		2335E3CE1FEF4636005F02C2 /* Items.swift in Sources */ = {isa = PBXBuildFile; fileRef = 2335E3CD1FEF4636005F02C2 /* Items.swift */; };
		23A236221FEDBDB600D9CC6C /* AppDelegate.swift in Sources */ = {isa = PBXBuildFile; fileRef = 23A236211FEDBDB600D9CC6C /* AppDelegate.swift */; };
		23A236241FEDBDB600D9CC6C /* TewdewListViewController.swift in Sources */ = {isa = PBXBuildFile; fileRef = 23A236231FEDBDB600D9CC6C /* TewdewListViewController.swift */; };
		23A236271FEDBDB600D9CC6C /* Main.storyboard in Resources */ = {isa = PBXBuildFile; fileRef = 23A236251FEDBDB600D9CC6C /* Main.storyboard */; };
		23A236291FEDBDB600D9CC6C /* Assets.xcassets in Resources */ = {isa = PBXBuildFile; fileRef = 23A236281FEDBDB600D9CC6C /* Assets.xcassets */; };
		23A2362C1FEDBDB600D9CC6C /* LaunchScreen.storyboard in Resources */ = {isa = PBXBuildFile; fileRef = 23A2362A1FEDBDB600D9CC6C /* LaunchScreen.storyboard */; };
/* End PBXBuildFile section */

/* Begin PBXFileReference section */
		2335E3CD1FEF4636005F02C2 /* Items.swift */ = {isa = PBXFileReference; lastKnownFileType = sourcecode.swift; path = Items.swift; sourceTree = "<group>"; };
		23A2361E1FEDBDB600D9CC6C /* Tewdew.app */ = {isa = PBXFileReference; explicitFileType = wrapper.application; includeInIndex = 0; path = Tewdew.app; sourceTree = BUILT_PRODUCTS_DIR; };
		23A236211FEDBDB600D9CC6C /* AppDelegate.swift */ = {isa = PBXFileReference; lastKnownFileType = sourcecode.swift; path = AppDelegate.swift; sourceTree = "<group>"; };
		23A236231FEDBDB600D9CC6C /* TewdewListViewController.swift */ = {isa = PBXFileReference; lastKnownFileType = sourcecode.swift; path = TewdewListViewController.swift; sourceTree = "<group>"; };
		23A236261FEDBDB600D9CC6C /* Base */ = {isa = PBXFileReference; lastKnownFileType = file.storyboard; name = Base; path = Base.lproj/Main.storyboard; sourceTree = "<group>"; };
		23A236281FEDBDB600D9CC6C /* Assets.xcassets */ = {isa = PBXFileReference; lastKnownFileType = folder.assetcatalog; path = Assets.xcassets; sourceTree = "<group>"; };
		23A2362B1FEDBDB600D9CC6C /* Base */ = {isa = PBXFileReference; lastKnownFileType = file.storyboard; name = Base; path = Base.lproj/LaunchScreen.storyboard; sourceTree = "<group>"; };
		23A2362D1FEDBDB600D9CC6C /* Info.plist */ = {isa = PBXFileReference; lastKnownFileType = text.plist.xml; path = Info.plist; sourceTree = "<group>"; };
/* End PBXFileReference section */

/* Begin PBXFrameworksBuildPhase section */
		23A2361B1FEDBDB600D9CC6C /* Frameworks */ = {
			isa = PBXFrameworksBuildPhase;
			buildActionMask = 2147483647;
			files = (
			);
			runOnlyForDeploymentPostprocessing = 0;
		};
/* End PBXFrameworksBuildPhase section */

/* Begin PBXGroup section */
		2335E3CF1FEF463E005F02C2 /* Data Model */ = {
			isa = PBXGroup;
			children = (
				2335E3CD1FEF4636005F02C2 /* Items.swift */,
			);
			path = "Data Model";
			sourceTree = "<group>";
		};
		2335E3D11FEF4676005F02C2 /* Views */ = {
			isa = PBXGroup;
			children = (
				23A236251FEDBDB600D9CC6C /* Main.storyboard */,
			);
			path = Views;
			sourceTree = "<group>";
		};
		2335E3D21FEF469D005F02C2 /* Controllers */ = {
			isa = PBXGroup;
			children = (
				23A236231FEDBDB600D9CC6C /* TewdewListViewController.swift */,
			);
			path = Controllers;
			sourceTree = "<group>";
		};
		2335E3D31FEF46C5005F02C2 /* Supporting Files */ = {
			isa = PBXGroup;
			children = (
				23A236281FEDBDB600D9CC6C /* Assets.xcassets */,
				23A2362A1FEDBDB600D9CC6C /* LaunchScreen.storyboard */,
			);
			path = "Supporting Files";
			sourceTree = "<group>";
		};
		23A236151FEDBDB600D9CC6C = {
			isa = PBXGroup;
			children = (
				23A236201FEDBDB600D9CC6C /* Tewdew */,
				23A2361F1FEDBDB600D9CC6C /* Products */,
			);
			sourceTree = "<group>";
		};
		23A2361F1FEDBDB600D9CC6C /* Products */ = {
			isa = PBXGroup;
			children = (
				23A2361E1FEDBDB600D9CC6C /* Tewdew.app */,
			);
			name = Products;
			sourceTree = "<group>";
		};
		23A236201FEDBDB600D9CC6C /* Tewdew */ = {
			isa = PBXGroup;
			children = (
				23A236211FEDBDB600D9CC6C /* AppDelegate.swift */,
				2335E3D21FEF469D005F02C2 /* Controllers */,
				2335E3CF1FEF463E005F02C2 /* Data Model */,
				2335E3D11FEF4676005F02C2 /* Views */,
				2335E3D31FEF46C5005F02C2 /* Supporting Files */,
				23A2362D1FEDBDB600D9CC6C /* Info.plist */,
			);
			path = Tewdew;
			sourceTree = "<group>";
		};
/* End PBXGroup section */

/* Begin PBXNativeTarget section */
		23A2361D1FEDBDB600D9CC6C /* Tewdew */ = {
			isa = PBXNativeTarget;
			buildConfigurationList = 23A236301FEDBDB600D9CC6C /* Build configuration list for PBXNativeTarget "Tewdew" */;
			buildPhases = (
				23A2361A1FEDBDB600D9CC6C /* Sources */,
				23A2361B1FEDBDB600D9CC6C /* Frameworks */,
				23A2361C1FEDBDB600D9CC6C /* Resources */,
			);
			buildRules = (
			);
			dependencies = (
			);
			name = Tewdew;
			productName = Tewdew;
			productReference = 23A2361E1FEDBDB600D9CC6C /* Tewdew.app */;
			productType = "com.apple.product-type.application";
		};
/* End PBXNativeTarget section */

/* Begin PBXProject section */
		23A236161FEDBDB600D9CC6C /* Project object */ = {
			isa = PBXProject;
			attributes = {
				LastSwiftUpdateCheck = 0910;
				LastUpgradeCheck = 0910;
				ORGANIZATIONNAME = "David Davidov";
				TargetAttributes = {
					23A2361D1FEDBDB600D9CC6C = {
						CreatedOnToolsVersion = 9.1;
						ProvisioningStyle = Automatic;
					};
				};
			};
			buildConfigurationList = 23A236191FEDBDB600D9CC6C /* Build configuration list for PBXProject "Tewdew" */;
			compatibilityVersion = "Xcode 8.0";
			developmentRegion = en;
			hasScannedForEncodings = 0;
			knownRegions = (
				en,
				Base,
			);
			mainGroup = 23A236151FEDBDB600D9CC6C;
			productRefGroup = 23A2361F1FEDBDB600D9CC6C /* Products */;
			projectDirPath = "";
			projectRoot = "";
			targets = (
				23A2361D1FEDBDB600D9CC6C /* Tewdew */,
			);
		};
/* End PBXProject section */

/* Begin PBXResourcesBuildPhase section */
		23A2361C1FEDBDB600D9CC6C /* Resources */ = {
			isa = PBXResourcesBuildPhase;
			buildActionMask = 2147483647;
			files = (
				23A2362C1FEDBDB600D9CC6C /* LaunchScreen.storyboard in Resources */,
				23A236291FEDBDB600D9CC6C /* Assets.xcassets in Resources */,
				23A236271FEDBDB600D9CC6C /* Main.storyboard in Resources */,
			);
			runOnlyForDeploymentPostprocessing = 0;
		};
/* End PBXResourcesBuildPhase section */

/* Begin PBXSourcesBuildPhase section */
		23A2361A1FEDBDB600D9CC6C /* Sources */ = {
			isa = PBXSourcesBuildPhase;
			buildActionMask = 2147483647;
			files = (
				23A236241FEDBDB600D9CC6C /* TewdewListViewController.swift in Sources */,
				2335E3CE1FEF4636005F02C2 /* Items.swift in Sources */,
				23A236221FEDBDB600D9CC6C /* AppDelegate.swift in Sources */,
			);
			runOnlyForDeploymentPostprocessing = 0;
		};
/* End PBXSourcesBuildPhase section */

/* Begin PBXVariantGroup section */
		23A236251FEDBDB600D9CC6C /* Main.storyboard */ = {
			isa = PBXVariantGroup;
			children = (
				23A236261FEDBDB600D9CC6C /* Base */,
			);
			name = Main.storyboard;
			sourceTree = "<group>";
		};
		23A2362A1FEDBDB600D9CC6C /* LaunchScreen.storyboard */ = {
			isa = PBXVariantGroup;
			children = (
				23A2362B1FEDBDB600D9CC6C /* Base */,
			);
			name = LaunchScreen.storyboard;
			sourceTree = "<group>";
		};
/* End PBXVariantGroup section */

/* Begin XCBuildConfiguration section */
		23A2362E1FEDBDB600D9CC6C /* Debug */ = {
			isa = XCBuildConfiguration;
			buildSettings = {
				ALWAYS_SEARCH_USER_PATHS = NO;
				CLANG_ANALYZER_NONNULL = YES;
				CLANG_ANALYZER_NUMBER_OBJECT_CONVERSION = YES_AGGRESSIVE;
				CLANG_CXX_LANGUAGE_STANDARD = "gnu++14";
				CLANG_CXX_LIBRARY = "libc++";
				CLANG_ENABLE_MODULES = YES;
				CLANG_ENABLE_OBJC_ARC = YES;
				CLANG_WARN_BLOCK_CAPTURE_AUTORELEASING = YES;
				CLANG_WARN_BOOL_CONVERSION = YES;
				CLANG_WARN_COMMA = YES;
				CLANG_WARN_CONSTANT_CONVERSION = YES;
				CLANG_WARN_DIRECT_OBJC_ISA_USAGE = YES_ERROR;
				CLANG_WARN_DOCUMENTATION_COMMENTS = YES;
				CLANG_WARN_EMPTY_BODY = YES;
				CLANG_WARN_ENUM_CONVERSION = YES;
				CLANG_WARN_INFINITE_RECURSION = YES;
				CLANG_WARN_INT_CONVERSION = YES;
				CLANG_WARN_NON_LITERAL_NULL_CONVERSION = YES;
				CLANG_WARN_OBJC_LITERAL_CONVERSION = YES;
				CLANG_WARN_OBJC_ROOT_CLASS = YES_ERROR;
				CLANG_WARN_RANGE_LOOP_ANALYSIS = YES;
				CLANG_WARN_STRICT_PROTOTYPES = YES;
				CLANG_WARN_SUSPICIOUS_MOVE = YES;
				CLANG_WARN_UNGUARDED_AVAILABILITY = YES_AGGRESSIVE;
				CLANG_WARN_UNREACHABLE_CODE = YES;
				CLANG_WARN__DUPLICATE_METHOD_MATCH = YES;
				CODE_SIGN_IDENTITY = "iPhone Developer";
				COPY_PHASE_STRIP = NO;
				DEBUG_INFORMATION_FORMAT = dwarf;
				ENABLE_STRICT_OBJC_MSGSEND = YES;
				ENABLE_TESTABILITY = YES;
				GCC_C_LANGUAGE_STANDARD = gnu11;
				GCC_DYNAMIC_NO_PIC = NO;
				GCC_NO_COMMON_BLOCKS = YES;
				GCC_OPTIMIZATION_LEVEL = 0;
				GCC_PREPROCESSOR_DEFINITIONS = (
					"DEBUG=1",
					"$(inherited)",
				);
				GCC_WARN_64_TO_32_BIT_CONVERSION = YES;
				GCC_WARN_ABOUT_RETURN_TYPE = YES_ERROR;
				GCC_WARN_UNDECLARED_SELECTOR = YES;
				GCC_WARN_UNINITIALIZED_AUTOS = YES_AGGRESSIVE;
				GCC_WARN_UNUSED_FUNCTION = YES;
				GCC_WARN_UNUSED_VARIABLE = YES;
				IPHONEOS_DEPLOYMENT_TARGET = 11.1;
				MTL_ENABLE_DEBUG_INFO = YES;
				ONLY_ACTIVE_ARCH = YES;
				SDKROOT = iphoneos;
				SWIFT_ACTIVE_COMPILATION_CONDITIONS = DEBUG;
				SWIFT_OPTIMIZATION_LEVEL = "-Onone";
			};
			name = Debug;
		};
		23A2362F1FEDBDB600D9CC6C /* Release */ = {
			isa = XCBuildConfiguration;
			buildSettings = {
				ALWAYS_SEARCH_USER_PATHS = NO;
				CLANG_ANALYZER_NONNULL = YES;
				CLANG_ANALYZER_NUMBER_OBJECT_CONVERSION = YES_AGGRESSIVE;
				CLANG_CXX_LANGUAGE_STANDARD = "gnu++14";
				CLANG_CXX_LIBRARY = "libc++";
				CLANG_ENABLE_MODULES = YES;
				CLANG_ENABLE_OBJC_ARC = YES;
				CLANG_WARN_BLOCK_CAPTURE_AUTORELEASING = YES;
				CLANG_WARN_BOOL_CONVERSION = YES;
				CLANG_WARN_COMMA = YES;
				CLANG_WARN_CONSTANT_CONVERSION = YES;
				CLANG_WARN_DIRECT_OBJC_ISA_USAGE = YES_ERROR;
				CLANG_WARN_DOCUMENTATION_COMMENTS = YES;
				CLANG_WARN_EMPTY_BODY = YES;
				CLANG_WARN_ENUM_CONVERSION = YES;
				CLANG_WARN_INFINITE_RECURSION = YES;
				CLANG_WARN_INT_CONVERSION = YES;
				CLANG_WARN_NON_LITERAL_NULL_CONVERSION = YES;
				CLANG_WARN_OBJC_LITERAL_CONVERSION = YES;
				CLANG_WARN_OBJC_ROOT_CLASS = YES_ERROR;
				CLANG_WARN_RANGE_LOOP_ANALYSIS = YES;
				CLANG_WARN_STRICT_PROTOTYPES = YES;
				CLANG_WARN_SUSPICIOUS_MOVE = YES;
				CLANG_WARN_UNGUARDED_AVAILABILITY = YES_AGGRESSIVE;
				CLANG_WARN_UNREACHABLE_CODE = YES;
				CLANG_WARN__DUPLICATE_METHOD_MATCH = YES;
				CODE_SIGN_IDENTITY = "iPhone Developer";
				COPY_PHASE_STRIP = NO;
				DEBUG_INFORMATION_FORMAT = "dwarf-with-dsym";
				ENABLE_NS_ASSERTIONS = NO;
				ENABLE_STRICT_OBJC_MSGSEND = YES;
				GCC_C_LANGUAGE_STANDARD = gnu11;
				GCC_NO_COMMON_BLOCKS = YES;
				GCC_WARN_64_TO_32_BIT_CONVERSION = YES;
				GCC_WARN_ABOUT_RETURN_TYPE = YES_ERROR;
				GCC_WARN_UNDECLARED_SELECTOR = YES;
				GCC_WARN_UNINITIALIZED_AUTOS = YES_AGGRESSIVE;
				GCC_WARN_UNUSED_FUNCTION = YES;
				GCC_WARN_UNUSED_VARIABLE = YES;
				IPHONEOS_DEPLOYMENT_TARGET = 11.1;
				MTL_ENABLE_DEBUG_INFO = NO;
				SDKROOT = iphoneos;
				SWIFT_OPTIMIZATION_LEVEL = "-Owholemodule";
				VALIDATE_PRODUCT = YES;
			};
			name = Release;
		};
		23A236311FEDBDB600D9CC6C /* Debug */ = {
			isa = XCBuildConfiguration;
			buildSettings = {
				ASSETCATALOG_COMPILER_APPICON_NAME = AppIcon;
				CODE_SIGN_STYLE = Automatic;
				INFOPLIST_FILE = Tewdew/Info.plist;
				LD_RUNPATH_SEARCH_PATHS = "$(inherited) @executable_path/Frameworks";
				PRODUCT_BUNDLE_IDENTIFIER = com.daviddavidov.Tewdew;
				PRODUCT_NAME = "$(TARGET_NAME)";
				SWIFT_VERSION = 4.0;
				TARGETED_DEVICE_FAMILY = "1,2";
			};
			name = Debug;
		};
		23A236321FEDBDB600D9CC6C /* Release */ = {
			isa = XCBuildConfiguration;
			buildSettings = {
				ASSETCATALOG_COMPILER_APPICON_NAME = AppIcon;
				CODE_SIGN_STYLE = Automatic;
				INFOPLIST_FILE = Tewdew/Info.plist;
				LD_RUNPATH_SEARCH_PATHS = "$(inherited) @executable_path/Frameworks";
				PRODUCT_BUNDLE_IDENTIFIER = com.daviddavidov.Tewdew;
				PRODUCT_NAME = "$(TARGET_NAME)";
				SWIFT_VERSION = 4.0;
				TARGETED_DEVICE_FAMILY = "1,2";
			};
			name = Release;
		};
/* End XCBuildConfiguration section */

/* Begin XCConfigurationList section */
		23A236191FEDBDB600D9CC6C /* Build configuration list for PBXProject "Tewdew" */ = {
			isa = XCConfigurationList;
			buildConfigurations = (
				23A2362E1FEDBDB600D9CC6C /* Debug */,
				23A2362F1FEDBDB600D9CC6C /* Release */,
			);
			defaultConfigurationIsVisible = 0;
			defaultConfigurationName = Release;
		};
		23A236301FEDBDB600D9CC6C /* Build configuration list for PBXNativeTarget "Tewdew" */ = {
			isa = XCConfigurationList;
			buildConfigurations = (
				23A236311FEDBDB600D9CC6C /* Debug */,
				23A236321FEDBDB600D9CC6C /* Release */,
			);
			defaultConfigurationIsVisible = 0;
			defaultConfigurationName = Release;
		};
/* End XCConfigurationList section */
	};
	rootObject = 23A236161FEDBDB600D9CC6C /* Project object */;
}
